
Microsoft Visual Studio Solution File, Format Version 12.00
# Visual Studio Version 17
VisualStudioVersion = 17.3.32922.545
MinimumVisualStudioVersion = 10.0.40219.1
Project("{FAE04EC0-301F-11D3-BF4B-00C04F79EFBC}") = "Switch_Case_Example", "Switch_Case_Example\Switch_Case_Example.csproj", "{076B82DA-F7CD-4CE2-A6F2-45D3EAC3DB3A}"
EndProject
Global
	GlobalSection(SolutionConfigurationPlatforms) = preSolution
		Debug|Any CPU = Debug|Any CPU
		Release|Any CPU = Release|Any CPU
	EndGlobalSection
	GlobalSection(ProjectConfigurationPlatforms) = postSolution
		{076B82DA-F7CD-4CE2-A6F2-45D3EAC3DB3A}.Debug|Any CPU.ActiveCfg = Debug|Any CPU
		{076B82DA-F7CD-4CE2-A6F2-45D3EAC3DB3A}.Debug|Any CPU.Build.0 = Debug|Any CPU
		{076B82DA-F7CD-4CE2-A6F2-45D3EAC3DB3A}.Release|Any CPU.ActiveCfg = Release|Any CPU
		{076B82DA-F7CD-4CE2-A6F2-45D3EAC3DB3A}.Release|Any CPU.Build.0 = Release|Any CPU
	EndGlobalSection
	GlobalSection(SolutionProperties) = preSolution
		HideSolutionNode = FALSE
	EndGlobalSection
	GlobalSection(ExtensibilityGlobals) = postSolution
		SolutionGuid = {2E90B48F-5F16-4080-9142-3827623DE05E}
	EndGlobalSection
EndGlobal
